
Microsoft Visual Studio Solution File, Format Version 12.00
# Visual Studio Version 17
VisualStudioVersion = 17.1.32414.318
MinimumVisualStudioVersion = 10.0.40219.1
Project("{9A19103F-16F7-4668-BE54-9A1E7A4F7556}") = "WEB_053504_Mazurenko", "WEB_053504_Mazurenko.csproj", "{E614F6AA-3AA6-469A-B3AA-D3BD4EB0F0A2}"
EndProject
Project("{FAE04EC0-301F-11D3-BF4B-00C04F79EFBC}") = "WEB_053504_Mazurenko.Blazor.Server", "..\WEB_053504_Mazurenko.Blazor\Server\WEB_053504_Mazurenko.Blazor.Server.csproj", "{00669EFA-4813-479B-9B81-FB01DE33B42B}"
EndProject
Project("{FAE04EC0-301F-11D3-BF4B-00C04F79EFBC}") = "WEB_053504_Mazurenko.Blazor.Client", "..\WEB_053504_Mazurenko.Blazor\Client\WEB_053504_Mazurenko.Blazor.Client.csproj", "{6BD6C715-696A-4DAE-ABC1-99DA6A85AFAC}"
EndProject
Project("{FAE04EC0-301F-11D3-BF4B-00C04F79EFBC}") = "WEB_053504_Mazurenko.Blazor.Shared", "..\WEB_053504_Mazurenko.Blazor\Shared\WEB_053504_Mazurenko.Blazor.Shared.csproj", "{116D7C7C-047C-45C6-BB3C-84950809BE16}"
EndProject
Global
	GlobalSection(SolutionConfigurationPlatforms) = preSolution
		Debug|Any CPU = Debug|Any CPU
		Release|Any CPU = Release|Any CPU
	EndGlobalSection
	GlobalSection(ProjectConfigurationPlatforms) = postSolution
		{E614F6AA-3AA6-469A-B3AA-D3BD4EB0F0A2}.Debug|Any CPU.ActiveCfg = Debug|Any CPU
		{E614F6AA-3AA6-469A-B3AA-D3BD4EB0F0A2}.Debug|Any CPU.Build.0 = Debug|Any CPU
		{E614F6AA-3AA6-469A-B3AA-D3BD4EB0F0A2}.Release|Any CPU.ActiveCfg = Release|Any CPU
		{E614F6AA-3AA6-469A-B3AA-D3BD4EB0F0A2}.Release|Any CPU.Build.0 = Release|Any CPU
		{00669EFA-4813-479B-9B81-FB01DE33B42B}.Debug|Any CPU.ActiveCfg = Debug|Any CPU
		{00669EFA-4813-479B-9B81-FB01DE33B42B}.Debug|Any CPU.Build.0 = Debug|Any CPU
		{00669EFA-4813-479B-9B81-FB01DE33B42B}.Release|Any CPU.ActiveCfg = Release|Any CPU
		{00669EFA-4813-479B-9B81-FB01DE33B42B}.Release|Any CPU.Build.0 = Release|Any CPU
		{6BD6C715-696A-4DAE-ABC1-99DA6A85AFAC}.Debug|Any CPU.ActiveCfg = Debug|Any CPU
		{6BD6C715-696A-4DAE-ABC1-99DA6A85AFAC}.Debug|Any CPU.Build.0 = Debug|Any CPU
		{6BD6C715-696A-4DAE-ABC1-99DA6A85AFAC}.Release|Any CPU.ActiveCfg = Release|Any CPU
		{6BD6C715-696A-4DAE-ABC1-99DA6A85AFAC}.Release|Any CPU.Build.0 = Release|Any CPU
		{116D7C7C-047C-45C6-BB3C-84950809BE16}.Debug|Any CPU.ActiveCfg = Debug|Any CPU
		{116D7C7C-047C-45C6-BB3C-84950809BE16}.Debug|Any CPU.Build.0 = Debug|Any CPU
		{116D7C7C-047C-45C6-BB3C-84950809BE16}.Release|Any CPU.ActiveCfg = Release|Any CPU
		{116D7C7C-047C-45C6-BB3C-84950809BE16}.Release|Any CPU.Build.0 = Release|Any CPU
	EndGlobalSection
	GlobalSection(SolutionProperties) = preSolution
		HideSolutionNode = FALSE
	EndGlobalSection
	GlobalSection(ExtensibilityGlobals) = postSolution
		SolutionGuid = {CDF8065E-B5B6-4653-8AE4-753957144272}
	EndGlobalSection
EndGlobal
